
Microsoft Visual Studio Solution File, Format Version 12.00
# Visual Studio Version 17
VisualStudioVersion = 17.9.34728.123
MinimumVisualStudioVersion = 10.0.40219.1
Project("{FAE04EC0-301F-11D3-BF4B-00C04F79EFBC}") = "FacturasPractica", "FacturasPractica\FacturasPractica.csproj", "{5585ECB9-AF5E-4EFA-AD1C-59B034A1C775}"
EndProject
Global
	GlobalSection(SolutionConfigurationPlatforms) = preSolution
		Debug|Any CPU = Debug|Any CPU
		Release|Any CPU = Release|Any CPU
	EndGlobalSection
	GlobalSection(ProjectConfigurationPlatforms) = postSolution
		{5585ECB9-AF5E-4EFA-AD1C-59B034A1C775}.Debug|Any CPU.ActiveCfg = Debug|Any CPU
		{5585ECB9-AF5E-4EFA-AD1C-59B034A1C775}.Debug|Any CPU.Build.0 = Debug|Any CPU
		{5585ECB9-AF5E-4EFA-AD1C-59B034A1C775}.Release|Any CPU.ActiveCfg = Release|Any CPU
		{5585ECB9-AF5E-4EFA-AD1C-59B034A1C775}.Release|Any CPU.Build.0 = Release|Any CPU
	EndGlobalSection
	GlobalSection(SolutionProperties) = preSolution
		HideSolutionNode = FALSE
	EndGlobalSection
	GlobalSection(ExtensibilityGlobals) = postSolution
		SolutionGuid = {81B29239-E97B-48BF-A29C-911AA12F9534}
	EndGlobalSection
EndGlobal
